
Microsoft Visual Studio Solution File, Format Version 12.00
# Visual Studio Version 17
VisualStudioVersion = 17.10.35122.118
MinimumVisualStudioVersion = 10.0.40219.1
Project("{FAE04EC0-301F-11D3-BF4B-00C04F79EFBC}") = "KihashECommerceAPI", "KihashECommerceAPI\KihashECommerceAPI.csproj", "{016C65A0-5DD6-460E-A3F9-349A01FCA704}"
EndProject
Global
	GlobalSection(SolutionConfigurationPlatforms) = preSolution
		Debug|Any CPU = Debug|Any CPU
		Release|Any CPU = Release|Any CPU
	EndGlobalSection
	GlobalSection(ProjectConfigurationPlatforms) = postSolution
		{016C65A0-5DD6-460E-A3F9-349A01FCA704}.Debug|Any CPU.ActiveCfg = Debug|Any CPU
		{016C65A0-5DD6-460E-A3F9-349A01FCA704}.Debug|Any CPU.Build.0 = Debug|Any CPU
		{016C65A0-5DD6-460E-A3F9-349A01FCA704}.Release|Any CPU.ActiveCfg = Release|Any CPU
		{016C65A0-5DD6-460E-A3F9-349A01FCA704}.Release|Any CPU.Build.0 = Release|Any CPU
	EndGlobalSection
	GlobalSection(SolutionProperties) = preSolution
		HideSolutionNode = FALSE
	EndGlobalSection
	GlobalSection(ExtensibilityGlobals) = postSolution
		SolutionGuid = {DD26D8A8-4DC1-4916-A638-8B2A83060ADD}
	EndGlobalSection
EndGlobal
